{
  "name": "nextreverb",
  "lockfileVersion": 3,
  "requires": true,
  "packages": {
    "": {
      "devDependencies": {
        "laravel-echo": "^1.16.1",
        "pusher-js": "^8.4.0-rc2"
      }
    },
    "node_modules/laravel-echo": {
      "version": "1.16.1",
      "resolved": "https://registry.npmjs.org/laravel-echo/-/laravel-echo-1.16.1.tgz",
      "integrity": "sha512-++Ylb6M3ariC9Rk5WE5gZjj6wcEV5kvLF8b+geJ5/rRIfdoOA+eG6b9qJPrarMD9rY28Apx+l3eelIrCc2skVg==",
      "dev": true,
      "license": "MIT",
      "engines": {
        "node": ">=10"
      }
    },
    "node_modules/pusher-js": {
      "version": "8.4.0-rc2",
      "resolved": "https://registry.npmjs.org/pusher-js/-/pusher-js-8.4.0-rc2.tgz",
      "integrity": "sha512-d87GjOEEl9QgO5BWmViSqW0LOzPvybvX6WA9zLUstNdB57jVJuR27zHkRnrav2a3+zAMlHbP2Og8wug+rG8T+g==",
      "dev": true,
      "license": "MIT",
      "dependencies": {
        "tweetnacl": "^1.0.3"
      }
    },
    "node_modules/tweetnacl": {
      "version": "1.0.3",
      "resolved": "https://registry.npmjs.org/tweetnacl/-/tweetnacl-1.0.3.tgz",
      "integrity": "sha512-6rt+RN7aOi1nGMyC4Xa5DdYiukl2UWCbcJft7YhxReBGQD7OAM8Pbxw6YMo4r2diNEA8FEmu32YOn9rhaiE5yw==",
      "dev": true,
      "license": "Unlicense"
    }
  }
}
